// !$*UTF8*$!
{
	archiveVersion = 1;
	classes = {
	};
	objectVersion = 52;
	objects = {

/* Begin PBXBuildFile section */
		06168C9E3F772C7D5D1C179C /* Pods_InTarget_InTargetUITests.framework in Frameworks */ = {isa = PBXBuildFile; fileRef = BB622B427059DE10069E72E5 /* Pods_InTarget_InTargetUITests.framework */; };
		07B985D6644D290CC1C4C9B6 /* Pods_InTarget.framework in Frameworks */ = {isa = PBXBuildFile; fileRef = A93F8630946CEA9121F7DF79 /* Pods_InTarget.framework */; };
		59CE63E4F867171BE4FD3ABC /* Pods_InTargetTests.framework in Frameworks */ = {isa = PBXBuildFile; fileRef = CD29C91D600D3693F43BFA3E /* Pods_InTargetTests.framework */; };
		F409A3092683B512009159DE /* GoogleService-Info.plist in Resources */ = {isa = PBXBuildFile; fileRef = F409A3082683B512009159DE /* GoogleService-Info.plist */; };
		F40AD0EA2684D37100453AF0 /* RankViewController.swift in Sources */ = {isa = PBXBuildFile; fileRef = F40AD0E92684D37000453AF0 /* RankViewController.swift */; };
		F40AD0EE2684E48E00453AF0 /* RankModel.swift in Sources */ = {isa = PBXBuildFile; fileRef = F40AD0ED2684E48E00453AF0 /* RankModel.swift */; };
		F40AD0F2268526F600453AF0 /* RankListModel.swift in Sources */ = {isa = PBXBuildFile; fileRef = F40AD0F1268526F600453AF0 /* RankListModel.swift */; };
		F40AD0F42686115C00453AF0 /* RankTableViewCell.swift in Sources */ = {isa = PBXBuildFile; fileRef = F40AD0F32686115C00453AF0 /* RankTableViewCell.swift */; };
		F432F9532698DA1B00B318E6 /* AlertHelper.swift in Sources */ = {isa = PBXBuildFile; fileRef = F432F9522698DA1A00B318E6 /* AlertHelper.swift */; };
		F43833D026BC049A00C8CC43 /* LoginViewModel.swift in Sources */ = {isa = PBXBuildFile; fileRef = F43833CF26BC049A00C8CC43 /* LoginViewModel.swift */; };
		F43833D326BC08EC00C8CC43 /* Storyboardable.swift in Sources */ = {isa = PBXBuildFile; fileRef = F43833D226BC08EC00C8CC43 /* Storyboardable.swift */; };
		F44DEADA267FA3B300BC4C1E /* AboutViewController.swift in Sources */ = {isa = PBXBuildFile; fileRef = F44DEAD9267FA3B300BC4C1E /* AboutViewController.swift */; };
		F44DEADD2680D8AB00BC4C1E /* Main.storyboard in Resources */ = {isa = PBXBuildFile; fileRef = F44DEADF2680D8AB00BC4C1E /* Main.storyboard */; };
		F44DEAEF2680DD0E00BC4C1E /* Localizable.strings in Resources */ = {isa = PBXBuildFile; fileRef = F44DEAF12680DD0E00BC4C1E /* Localizable.strings */; };
		F44DEAFE26810CAA00BC4C1E /* InfoPlist.strings in Resources */ = {isa = PBXBuildFile; fileRef = F44DEB0026810CAA00BC4C1E /* InfoPlist.strings */; };
		F4610EF0269635370013B2C3 /* Box.swift in Sources */ = {isa = PBXBuildFile; fileRef = F4610EEF269635370013B2C3 /* Box.swift */; };
		F4610EF3269636680013B2C3 /* MainViewModel.swift in Sources */ = {isa = PBXBuildFile; fileRef = F4610EF2269636680013B2C3 /* MainViewModel.swift */; };
		F477B716269E31080003FF61 /* README.md in Resources */ = {isa = PBXBuildFile; fileRef = F477B715269E31080003FF61 /* README.md */; };
		F47D617F268E60B000267396 /* Localizable.strings in Resources */ = {isa = PBXBuildFile; fileRef = F44DEAF12680DD0E00BC4C1E /* Localizable.strings */; };
		F47D6180268E60C800267396 /* Main.storyboard in Resources */ = {isa = PBXBuildFile; fileRef = F44DEADF2680D8AB00BC4C1E /* Main.storyboard */; };
		F48B924E26B2DF630012A009 /* .gitignore in Resources */ = {isa = PBXBuildFile; fileRef = F48B924D26B2DF630012A009 /* .gitignore */; };
		F48B925026B2E01B0012A009 /* .gitattributes in Resources */ = {isa = PBXBuildFile; fileRef = F48B924F26B2E01B0012A009 /* .gitattributes */; };
		F49E570026B1B1F000577A82 /* ChatViewController.swift in Sources */ = {isa = PBXBuildFile; fileRef = F49E56FF26B1B1F000577A82 /* ChatViewController.swift */; };
		F49E570326B1C03900577A82 /* Message.swift in Sources */ = {isa = PBXBuildFile; fileRef = F49E570226B1C03900577A82 /* Message.swift */; };
		F49E570626B1C3C300577A82 /* FirebaseAuth in Frameworks */ = {isa = PBXBuildFile; productRef = F49E570526B1C3C300577A82 /* FirebaseAuth */; };
		F49E570826B1C3C300577A82 /* FirebaseCrashlytics in Frameworks */ = {isa = PBXBuildFile; productRef = F49E570726B1C3C300577A82 /* FirebaseCrashlytics */; };
		F49E570A26B1C3C300577A82 /* FirebaseDatabase in Frameworks */ = {isa = PBXBuildFile; productRef = F49E570926B1C3C300577A82 /* FirebaseDatabase */; };
		F49E570C26B1C3C300577A82 /* FirebaseFirestore in Frameworks */ = {isa = PBXBuildFile; productRef = F49E570B26B1C3C300577A82 /* FirebaseFirestore */; };
		F49E570E26B1C3C300577A82 /* FirebaseRemoteConfig in Frameworks */ = {isa = PBXBuildFile; productRef = F49E570D26B1C3C300577A82 /* FirebaseRemoteConfig */; };
		F49E571026B1C3C300577A82 /* FirebaseStorage in Frameworks */ = {isa = PBXBuildFile; productRef = F49E570F26B1C3C300577A82 /* FirebaseStorage */; };
		F49E571326B1E3FD00577A82 /* target.json in Resources */ = {isa = PBXBuildFile; fileRef = F49E571226B1E3FD00577A82 /* target.json */; };
		F49E571726B1E67200577A82 /* LoginViewController.swift in Sources */ = {isa = PBXBuildFile; fileRef = F49E571626B1E67200577A82 /* LoginViewController.swift */; };
		F49E571B26B2D58900577A82 /* Launch Screen.storyboard in Resources */ = {isa = PBXBuildFile; fileRef = F49E571A26B2D58900577A82 /* Launch Screen.storyboard */; };
		F49E5FF12673FF86007DEEA8 /* AppDelegate.swift in Sources */ = {isa = PBXBuildFile; fileRef = F49E5FF02673FF86007DEEA8 /* AppDelegate.swift */; };
		F49E5FF32673FF86007DEEA8 /* SceneDelegate.swift in Sources */ = {isa = PBXBuildFile; fileRef = F49E5FF22673FF86007DEEA8 /* SceneDelegate.swift */; };
		F49E5FF52673FF86007DEEA8 /* MainViewController.swift in Sources */ = {isa = PBXBuildFile; fileRef = F49E5FF42673FF86007DEEA8 /* MainViewController.swift */; };
		F49E5FFA2673FF87007DEEA8 /* Assets.xcassets in Resources */ = {isa = PBXBuildFile; fileRef = F49E5FF92673FF87007DEEA8 /* Assets.xcassets */; };
		F49E60082673FF87007DEEA8 /* InTargetTests.swift in Sources */ = {isa = PBXBuildFile; fileRef = F49E60072673FF87007DEEA8 /* InTargetTests.swift */; };
		F49E60132673FF87007DEEA8 /* InTargetUITests.swift in Sources */ = {isa = PBXBuildFile; fileRef = F49E60122673FF87007DEEA8 /* InTargetUITests.swift */; };
		F4BE72052697AF5300B740C9 /* RankViewModel.swift in Sources */ = {isa = PBXBuildFile; fileRef = F4BE72042697AF5300B740C9 /* RankViewModel.swift */; };
		F4D05D9C26B9679500240198 /* Login.storyboard in Resources */ = {isa = PBXBuildFile; fileRef = F4D05D9E26B9679500240198 /* Login.storyboard */; };
		F4D05DA326B96B3F00240198 /* AppController.swift in Sources */ = {isa = PBXBuildFile; fileRef = F4D05DA226B96B3F00240198 /* AppController.swift */; };
		F4EE4663268F4E3200C7A69D /* InTarget.xcdatamodeld in Sources */ = {isa = PBXBuildFile; fileRef = F4EE4661268F4E3200C7A69D /* InTarget.xcdatamodeld */; };
/* End PBXBuildFile section */

/* Begin PBXContainerItemProxy section */
		F49E60042673FF87007DEEA8 /* PBXContainerItemProxy */ = {
			isa = PBXContainerItemProxy;
			containerPortal = F49E5FE52673FF86007DEEA8 /* Project object */;
			proxyType = 1;
			remoteGlobalIDString = F49E5FEC2673FF86007DEEA8;
			remoteInfo = NoAlvo;
		};
		F49E600F2673FF87007DEEA8 /* PBXContainerItemProxy */ = {
			isa = PBXContainerItemProxy;
			containerPortal = F49E5FE52673FF86007DEEA8 /* Project object */;
			proxyType = 1;
			remoteGlobalIDString = F49E5FEC2673FF86007DEEA8;
			remoteInfo = NoAlvo;
		};
/* End PBXContainerItemProxy section */

/* Begin PBXFileReference section */
		04454D99E01290F4109BE1B2 /* Pods-InTargetTests.release.xcconfig */ = {isa = PBXFileReference; includeInIndex = 1; lastKnownFileType = text.xcconfig; name = "Pods-InTargetTests.release.xcconfig"; path = "Target Support Files/Pods-InTargetTests/Pods-InTargetTests.release.xcconfig"; sourceTree = "<group>"; };
		1DB8E36C5B9293240A883C5F /* Pods-InTarget.release.xcconfig */ = {isa = PBXFileReference; includeInIndex = 1; lastKnownFileType = text.xcconfig; name = "Pods-InTarget.release.xcconfig"; path = "Target Support Files/Pods-InTarget/Pods-InTarget.release.xcconfig"; sourceTree = "<group>"; };
		1E9D50F7AFA1F545834AA5B2 /* Pods-InTarget.debug.xcconfig */ = {isa = PBXFileReference; includeInIndex = 1; lastKnownFileType = text.xcconfig; name = "Pods-InTarget.debug.xcconfig"; path = "Target Support Files/Pods-InTarget/Pods-InTarget.debug.xcconfig"; sourceTree = "<group>"; };
		33C178F974E544FE71CE3846 /* Pods-InTarget-InTargetUITests.debug.xcconfig */ = {isa = PBXFileReference; includeInIndex = 1; lastKnownFileType = text.xcconfig; name = "Pods-InTarget-InTargetUITests.debug.xcconfig"; path = "Target Support Files/Pods-InTarget-InTargetUITests/Pods-InTarget-InTargetUITests.debug.xcconfig"; sourceTree = "<group>"; };
		63FDEEBD34BDDECEC50AF6D0 /* Pods-InTarget-InTargetUITests.release.xcconfig */ = {isa = PBXFileReference; includeInIndex = 1; lastKnownFileType = text.xcconfig; name = "Pods-InTarget-InTargetUITests.release.xcconfig"; path = "Target Support Files/Pods-InTarget-InTargetUITests/Pods-InTarget-InTargetUITests.release.xcconfig"; sourceTree = "<group>"; };
		7D4608B00B4099AAB305D197 /* Pods-InTargetTests.debug.xcconfig */ = {isa = PBXFileReference; includeInIndex = 1; lastKnownFileType = text.xcconfig; name = "Pods-InTargetTests.debug.xcconfig"; path = "Target Support Files/Pods-InTargetTests/Pods-InTargetTests.debug.xcconfig"; sourceTree = "<group>"; };
		A93F8630946CEA9121F7DF79 /* Pods_InTarget.framework */ = {isa = PBXFileReference; explicitFileType = wrapper.framework; includeInIndex = 0; path = Pods_InTarget.framework; sourceTree = BUILT_PRODUCTS_DIR; };
		BB622B427059DE10069E72E5 /* Pods_InTarget_InTargetUITests.framework */ = {isa = PBXFileReference; explicitFileType = wrapper.framework; includeInIndex = 0; path = Pods_InTarget_InTargetUITests.framework; sourceTree = BUILT_PRODUCTS_DIR; };
		CD29C91D600D3693F43BFA3E /* Pods_InTargetTests.framework */ = {isa = PBXFileReference; explicitFileType = wrapper.framework; includeInIndex = 0; path = Pods_InTargetTests.framework; sourceTree = BUILT_PRODUCTS_DIR; };
		F409A3082683B512009159DE /* GoogleService-Info.plist */ = {isa = PBXFileReference; fileEncoding = 4; lastKnownFileType = text.plist.xml; path = "GoogleService-Info.plist"; sourceTree = "<group>"; };
		F40AD0E92684D37000453AF0 /* RankViewController.swift */ = {isa = PBXFileReference; lastKnownFileType = sourcecode.swift; path = RankViewController.swift; sourceTree = "<group>"; };
		F40AD0ED2684E48E00453AF0 /* RankModel.swift */ = {isa = PBXFileReference; lastKnownFileType = sourcecode.swift; path = RankModel.swift; sourceTree = "<group>"; };
		F40AD0F1268526F600453AF0 /* RankListModel.swift */ = {isa = PBXFileReference; lastKnownFileType = sourcecode.swift; path = RankListModel.swift; sourceTree = "<group>"; };
		F40AD0F32686115C00453AF0 /* RankTableViewCell.swift */ = {isa = PBXFileReference; lastKnownFileType = sourcecode.swift; path = RankTableViewCell.swift; sourceTree = "<group>"; };
		F432F9522698DA1A00B318E6 /* AlertHelper.swift */ = {isa = PBXFileReference; lastKnownFileType = sourcecode.swift; path = AlertHelper.swift; sourceTree = "<group>"; };
		F43833CF26BC049A00C8CC43 /* LoginViewModel.swift */ = {isa = PBXFileReference; lastKnownFileType = sourcecode.swift; path = LoginViewModel.swift; sourceTree = "<group>"; };
		F43833D226BC08EC00C8CC43 /* Storyboardable.swift */ = {isa = PBXFileReference; lastKnownFileType = sourcecode.swift; path = Storyboardable.swift; sourceTree = "<group>"; };
		F44DEAD9267FA3B300BC4C1E /* AboutViewController.swift */ = {isa = PBXFileReference; lastKnownFileType = sourcecode.swift; path = AboutViewController.swift; sourceTree = "<group>"; };
		F44DEADE2680D8AB00BC4C1E /* Base */ = {isa = PBXFileReference; lastKnownFileType = file.storyboard; name = Base; path = Base.lproj/Main.storyboard; sourceTree = "<group>"; };
		F44DEAF02680DD0E00BC4C1E /* en */ = {isa = PBXFileReference; lastKnownFileType = text.plist.strings; name = en; path = en.lproj/Localizable.strings; sourceTree = "<group>"; };
		F44DEAF32680DD2100BC4C1E /* pt-BR */ = {isa = PBXFileReference; lastKnownFileType = text.plist.strings; name = "pt-BR"; path = "pt-BR.lproj/Localizable.strings"; sourceTree = "<group>"; };
		F44DEAF72680E59D00BC4C1E /* en */ = {isa = PBXFileReference; lastKnownFileType = text.plist.strings; name = en; path = en.lproj/Main.strings; sourceTree = "<group>"; };
		F44DEAFB2681010000BC4C1E /* pt-BR */ = {isa = PBXFileReference; lastKnownFileType = text.plist.strings; name = "pt-BR"; path = "pt-BR.lproj/Main.strings"; sourceTree = "<group>"; };
		F44DEAFF26810CAA00BC4C1E /* en */ = {isa = PBXFileReference; lastKnownFileType = text.plist.strings; name = en; path = en.lproj/InfoPlist.strings; sourceTree = "<group>"; };
		F44DEB0126810CAC00BC4C1E /* pt-BR */ = {isa = PBXFileReference; lastKnownFileType = text.plist.strings; name = "pt-BR"; path = "pt-BR.lproj/InfoPlist.strings"; sourceTree = "<group>"; };
		F4610EEF269635370013B2C3 /* Box.swift */ = {isa = PBXFileReference; lastKnownFileType = sourcecode.swift; path = Box.swift; sourceTree = "<group>"; };
		F4610EF2269636680013B2C3 /* MainViewModel.swift */ = {isa = PBXFileReference; lastKnownFileType = sourcecode.swift; path = MainViewModel.swift; sourceTree = "<group>"; };
		F477B715269E31080003FF61 /* README.md */ = {isa = PBXFileReference; fileEncoding = 4; lastKnownFileType = net.daringfireball.markdown; path = README.md; sourceTree = "<group>"; };
		F48B924D26B2DF630012A009 /* .gitignore */ = {isa = PBXFileReference; fileEncoding = 4; lastKnownFileType = text; path = .gitignore; sourceTree = "<group>"; };
		F48B924F26B2E01B0012A009 /* .gitattributes */ = {isa = PBXFileReference; fileEncoding = 4; lastKnownFileType = text; path = .gitattributes; sourceTree = "<group>"; };
		F49E56FF26B1B1F000577A82 /* ChatViewController.swift */ = {isa = PBXFileReference; lastKnownFileType = sourcecode.swift; path = ChatViewController.swift; sourceTree = "<group>"; };
		F49E570226B1C03900577A82 /* Message.swift */ = {isa = PBXFileReference; lastKnownFileType = sourcecode.swift; path = Message.swift; sourceTree = "<group>"; };
		F49E571226B1E3FD00577A82 /* target.json */ = {isa = PBXFileReference; fileEncoding = 4; lastKnownFileType = text.json; path = target.json; sourceTree = "<group>"; };
		F49E571626B1E67200577A82 /* LoginViewController.swift */ = {isa = PBXFileReference; lastKnownFileType = sourcecode.swift; path = LoginViewController.swift; sourceTree = "<group>"; };
		F49E571A26B2D58900577A82 /* Launch Screen.storyboard */ = {isa = PBXFileReference; lastKnownFileType = file.storyboard; path = "Launch Screen.storyboard"; sourceTree = "<group>"; };
		F49E5FED2673FF86007DEEA8 /* InTarget.app */ = {isa = PBXFileReference; explicitFileType = wrapper.application; includeInIndex = 0; path = InTarget.app; sourceTree = BUILT_PRODUCTS_DIR; };
		F49E5FF02673FF86007DEEA8 /* AppDelegate.swift */ = {isa = PBXFileReference; lastKnownFileType = sourcecode.swift; path = AppDelegate.swift; sourceTree = "<group>"; };
		F49E5FF22673FF86007DEEA8 /* SceneDelegate.swift */ = {isa = PBXFileReference; lastKnownFileType = sourcecode.swift; path = SceneDelegate.swift; sourceTree = "<group>"; };
		F49E5FF42673FF86007DEEA8 /* MainViewController.swift */ = {isa = PBXFileReference; lastKnownFileType = sourcecode.swift; path = MainViewController.swift; sourceTree = "<group>"; };
		F49E5FF92673FF87007DEEA8 /* Assets.xcassets */ = {isa = PBXFileReference; lastKnownFileType = folder.assetcatalog; path = Assets.xcassets; sourceTree = "<group>"; };
		F49E5FFE2673FF87007DEEA8 /* Info.plist */ = {isa = PBXFileReference; lastKnownFileType = text.plist.xml; path = Info.plist; sourceTree = "<group>"; };
		F49E60032673FF87007DEEA8 /* InTargetTests.xctest */ = {isa = PBXFileReference; explicitFileType = wrapper.cfbundle; includeInIndex = 0; path = InTargetTests.xctest; sourceTree = BUILT_PRODUCTS_DIR; };
		F49E60072673FF87007DEEA8 /* InTargetTests.swift */ = {isa = PBXFileReference; lastKnownFileType = sourcecode.swift; path = InTargetTests.swift; sourceTree = "<group>"; };
		F49E60092673FF87007DEEA8 /* Info.plist */ = {isa = PBXFileReference; lastKnownFileType = text.plist.xml; path = Info.plist; sourceTree = "<group>"; };
		F49E600E2673FF87007DEEA8 /* InTargetUITests.xctest */ = {isa = PBXFileReference; explicitFileType = wrapper.cfbundle; includeInIndex = 0; path = InTargetUITests.xctest; sourceTree = BUILT_PRODUCTS_DIR; };
		F49E60122673FF87007DEEA8 /* InTargetUITests.swift */ = {isa = PBXFileReference; lastKnownFileType = sourcecode.swift; path = InTargetUITests.swift; sourceTree = "<group>"; };
		F49E60142673FF87007DEEA8 /* Info.plist */ = {isa = PBXFileReference; lastKnownFileType = text.plist.xml; path = Info.plist; sourceTree = "<group>"; };
		F4A5246B2683AF2100170780 /* InTarget.xctestplan */ = {isa = PBXFileReference; lastKnownFileType = text; path = InTarget.xctestplan; sourceTree = "<group>"; };
		F4BE72042697AF5300B740C9 /* RankViewModel.swift */ = {isa = PBXFileReference; lastKnownFileType = sourcecode.swift; path = RankViewModel.swift; sourceTree = "<group>"; };
		F4D05D9D26B9679500240198 /* Base */ = {isa = PBXFileReference; lastKnownFileType = file.storyboard; name = Base; path = Base.lproj/Login.storyboard; sourceTree = "<group>"; };
		F4D05D9F26B9679C00240198 /* en */ = {isa = PBXFileReference; lastKnownFileType = text.plist.strings; name = en; path = en.lproj/Login.strings; sourceTree = "<group>"; };
		F4D05DA126B967A200240198 /* pt-BR */ = {isa = PBXFileReference; lastKnownFileType = text.plist.strings; name = "pt-BR"; path = "pt-BR.lproj/Login.strings"; sourceTree = "<group>"; };
		F4D05DA226B96B3F00240198 /* AppController.swift */ = {isa = PBXFileReference; lastKnownFileType = sourcecode.swift; path = AppController.swift; sourceTree = "<group>"; };
		F4EE4662268F4E3200C7A69D /* InTarget.xcdatamodel */ = {isa = PBXFileReference; lastKnownFileType = wrapper.xcdatamodel; path = InTarget.xcdatamodel; sourceTree = "<group>"; };
/* End PBXFileReference section */

/* Begin PBXFrameworksBuildPhase section */
		F49E5FEA2673FF86007DEEA8 /* Frameworks */ = {
			isa = PBXFrameworksBuildPhase;
			buildActionMask = 2147483647;
			files = (
				F49E570826B1C3C300577A82 /* FirebaseCrashlytics in Frameworks */,
				07B985D6644D290CC1C4C9B6 /* Pods_InTarget.framework in Frameworks */,
				F49E570A26B1C3C300577A82 /* FirebaseDatabase in Frameworks */,
				F49E570E26B1C3C300577A82 /* FirebaseRemoteConfig in Frameworks */,
				F49E571026B1C3C300577A82 /* FirebaseStorage in Frameworks */,
				F49E570C26B1C3C300577A82 /* FirebaseFirestore in Frameworks */,
				F49E570626B1C3C300577A82 /* FirebaseAuth in Frameworks */,
			);
			runOnlyForDeploymentPostprocessing = 0;
		};
		F49E60002673FF87007DEEA8 /* Frameworks */ = {
			isa = PBXFrameworksBuildPhase;
			buildActionMask = 2147483647;
			files = (
				59CE63E4F867171BE4FD3ABC /* Pods_InTargetTests.framework in Frameworks */,
			);
			runOnlyForDeploymentPostprocessing = 0;
		};
		F49E600B2673FF87007DEEA8 /* Frameworks */ = {
			isa = PBXFrameworksBuildPhase;
			buildActionMask = 2147483647;
			files = (
				06168C9E3F772C7D5D1C179C /* Pods_InTarget_InTargetUITests.framework in Frameworks */,
			);
			runOnlyForDeploymentPostprocessing = 0;
		};
/* End PBXFrameworksBuildPhase section */

/* Begin PBXGroup section */
		1806194D4BCD9C7C05059757 /* Frameworks */ = {
			isa = PBXGroup;
			children = (
				A93F8630946CEA9121F7DF79 /* Pods_InTarget.framework */,
				BB622B427059DE10069E72E5 /* Pods_InTarget_InTargetUITests.framework */,
				CD29C91D600D3693F43BFA3E /* Pods_InTargetTests.framework */,
			);
			name = Frameworks;
			sourceTree = "<group>";
		};
		35F81D2F344FB33BDA82D7F1 /* Pods */ = {
			isa = PBXGroup;
			children = (
				1E9D50F7AFA1F545834AA5B2 /* Pods-InTarget.debug.xcconfig */,
				1DB8E36C5B9293240A883C5F /* Pods-InTarget.release.xcconfig */,
				33C178F974E544FE71CE3846 /* Pods-InTarget-InTargetUITests.debug.xcconfig */,
				63FDEEBD34BDDECEC50AF6D0 /* Pods-InTarget-InTargetUITests.release.xcconfig */,
				7D4608B00B4099AAB305D197 /* Pods-InTargetTests.debug.xcconfig */,
				04454D99E01290F4109BE1B2 /* Pods-InTargetTests.release.xcconfig */,
			);
			path = Pods;
			sourceTree = "<group>";
		};
		F40AD0EB2684D37E00453AF0 /* Controllers */ = {
			isa = PBXGroup;
			children = (
				F49E5FF42673FF86007DEEA8 /* MainViewController.swift */,
				F44DEAD9267FA3B300BC4C1E /* AboutViewController.swift */,
				F40AD0E92684D37000453AF0 /* RankViewController.swift */,
				F49E56FF26B1B1F000577A82 /* ChatViewController.swift */,
				F49E571626B1E67200577A82 /* LoginViewController.swift */,
			);
			path = Controllers;
			sourceTree = "<group>";
		};
		F40AD0EC2684E46900453AF0 /* Models */ = {
			isa = PBXGroup;
			children = (
				F49E570126B1C02A00577A82 /* Chat */,
				F40AD0ED2684E48E00453AF0 /* RankModel.swift */,
				F40AD0F1268526F600453AF0 /* RankListModel.swift */,
			);
			path = Models;
			sourceTree = "<group>";
		};
		F40AD0F5268618B700453AF0 /* Cells */ = {
			isa = PBXGroup;
			children = (
				F40AD0F32686115C00453AF0 /* RankTableViewCell.swift */,
			);
			path = Cells;
			sourceTree = "<group>";
		};
		F43833D126BC08CC00C8CC43 /* Protocol */ = {
			isa = PBXGroup;
			children = (
				F43833D226BC08EC00C8CC43 /* Storyboardable.swift */,
			);
			path = Protocol;
			sourceTree = "<group>";
		};
		F4610EEE269635020013B2C3 /* Utilities */ = {
			isa = PBXGroup;
			children = (
				F4610EEF269635370013B2C3 /* Box.swift */,
				F432F9522698DA1A00B318E6 /* AlertHelper.swift */,
			);
			path = Utilities;
			sourceTree = "<group>";
		};
		F4610EF1269636450013B2C3 /* ViewModel */ = {
			isa = PBXGroup;
			children = (
				F4610EF2269636680013B2C3 /* MainViewModel.swift */,
				F4BE72042697AF5300B740C9 /* RankViewModel.swift */,
				F43833CF26BC049A00C8CC43 /* LoginViewModel.swift */,
			);
			path = ViewModel;
			sourceTree = "<group>";
		};
		F49E570126B1C02A00577A82 /* Chat */ = {
			isa = PBXGroup;
			children = (
				F49E570226B1C03900577A82 /* Message.swift */,
			);
			path = Chat;
			sourceTree = "<group>";
		};
		F49E571126B1E3DD00577A82 /* LottieAnimations */ = {
			isa = PBXGroup;
			children = (
				F49E571226B1E3FD00577A82 /* target.json */,
			);
			path = LottieAnimations;
			sourceTree = "<group>";
		};
		F49E5FE42673FF86007DEEA8 = {
			isa = PBXGroup;
			children = (
				F48B924F26B2E01B0012A009 /* .gitattributes */,
				F48B924D26B2DF630012A009 /* .gitignore */,
				F477B715269E31080003FF61 /* README.md */,
				F49E5FEF2673FF86007DEEA8 /* InTarget */,
				F49E60062673FF87007DEEA8 /* InTargetTests */,
				F49E60112673FF87007DEEA8 /* InTargetUITests */,
				F49E5FEE2673FF86007DEEA8 /* Products */,
				35F81D2F344FB33BDA82D7F1 /* Pods */,
				1806194D4BCD9C7C05059757 /* Frameworks */,
			);
			sourceTree = "<group>";
		};
		F49E5FEE2673FF86007DEEA8 /* Products */ = {
			isa = PBXGroup;
			children = (
				F49E5FED2673FF86007DEEA8 /* InTarget.app */,
				F49E60032673FF87007DEEA8 /* InTargetTests.xctest */,
				F49E600E2673FF87007DEEA8 /* InTargetUITests.xctest */,
			);
			name = Products;
			sourceTree = "<group>";
		};
		F49E5FEF2673FF86007DEEA8 /* InTarget */ = {
			isa = PBXGroup;
			children = (
				F4EE4661268F4E3200C7A69D /* InTarget.xcdatamodeld */,
				F409A3082683B512009159DE /* GoogleService-Info.plist */,
				F44DEAF12680DD0E00BC4C1E /* Localizable.strings */,
				F4D05DA226B96B3F00240198 /* AppController.swift */,
				F49E5FF02673FF86007DEEA8 /* AppDelegate.swift */,
				F49E5FF22673FF86007DEEA8 /* SceneDelegate.swift */,
				F40AD0EC2684E46900453AF0 /* Models */,
				F4610EF1269636450013B2C3 /* ViewModel */,
				F40AD0EB2684D37E00453AF0 /* Controllers */,
				F4BE72032697AED100B740C9 /* StoryBoards */,
				F40AD0F5268618B700453AF0 /* Cells */,
				F4610EEE269635020013B2C3 /* Utilities */,
				F49E571126B1E3DD00577A82 /* LottieAnimations */,
				F49E5FF92673FF87007DEEA8 /* Assets.xcassets */,
				F44DEB0026810CAA00BC4C1E /* InfoPlist.strings */,
				F49E5FFE2673FF87007DEEA8 /* Info.plist */,
			);
			path = InTarget;
			sourceTree = "<group>";
		};
		F49E60062673FF87007DEEA8 /* InTargetTests */ = {
			isa = PBXGroup;
			children = (
				F49E60072673FF87007DEEA8 /* InTargetTests.swift */,
				F49E60092673FF87007DEEA8 /* Info.plist */,
			);
			path = InTargetTests;
			sourceTree = "<group>";
		};
		F49E60112673FF87007DEEA8 /* InTargetUITests */ = {
			isa = PBXGroup;
			children = (
				F49E60122673FF87007DEEA8 /* InTargetUITests.swift */,
				F4A5246B2683AF2100170780 /* InTarget.xctestplan */,
				F49E60142673FF87007DEEA8 /* Info.plist */,
			);
			path = InTargetUITests;
			sourceTree = "<group>";
		};
		F4BE72032697AED100B740C9 /* StoryBoards */ = {
			isa = PBXGroup;
			children = (
				F43833D126BC08CC00C8CC43 /* Protocol */,
				F49E571A26B2D58900577A82 /* Launch Screen.storyboard */,
				F4D05D9E26B9679500240198 /* Login.storyboard */,
				F44DEADF2680D8AB00BC4C1E /* Main.storyboard */,
			);
			path = StoryBoards;
			sourceTree = "<group>";
		};
/* End PBXGroup section */

/* Begin PBXNativeTarget section */
		F49E5FEC2673FF86007DEEA8 /* InTarget */ = {
			isa = PBXNativeTarget;
			buildConfigurationList = F49E60172673FF87007DEEA8 /* Build configuration list for PBXNativeTarget "InTarget" */;
			buildPhases = (
				9445E0FA9A73CFA8A8DF5767 /* [CP] Check Pods Manifest.lock */,
				F49E5FE92673FF86007DEEA8 /* Sources */,
				F49E5FEA2673FF86007DEEA8 /* Frameworks */,
				F49E5FEB2673FF86007DEEA8 /* Resources */,
				30F3D3933B3905AE5B9457AE /* [CP] Embed Pods Frameworks */,
			);
			buildRules = (
			);
			dependencies = (
			);
			name = InTarget;
			packageProductDependencies = (
				F49E570526B1C3C300577A82 /* FirebaseAuth */,
				F49E570726B1C3C300577A82 /* FirebaseCrashlytics */,
				F49E570926B1C3C300577A82 /* FirebaseDatabase */,
				F49E570B26B1C3C300577A82 /* FirebaseFirestore */,
				F49E570D26B1C3C300577A82 /* FirebaseRemoteConfig */,
				F49E570F26B1C3C300577A82 /* FirebaseStorage */,
			);
			productName = NoAlvo;
			productReference = F49E5FED2673FF86007DEEA8 /* InTarget.app */;
			productType = "com.apple.product-type.application";
		};
		F49E60022673FF87007DEEA8 /* InTargetTests */ = {
			isa = PBXNativeTarget;
			buildConfigurationList = F49E601A2673FF87007DEEA8 /* Build configuration list for PBXNativeTarget "InTargetTests" */;
			buildPhases = (
				49DEF20B8963C749566289CF /* [CP] Check Pods Manifest.lock */,
				F49E5FFF2673FF87007DEEA8 /* Sources */,
				F49E60002673FF87007DEEA8 /* Frameworks */,
				F49E60012673FF87007DEEA8 /* Resources */,
			);
			buildRules = (
			);
			dependencies = (
				F49E60052673FF87007DEEA8 /* PBXTargetDependency */,
			);
			name = InTargetTests;
			productName = NoAlvoTests;
			productReference = F49E60032673FF87007DEEA8 /* InTargetTests.xctest */;
			productType = "com.apple.product-type.bundle.unit-test";
		};
		F49E600D2673FF87007DEEA8 /* InTargetUITests */ = {
			isa = PBXNativeTarget;
			buildConfigurationList = F49E601D2673FF87007DEEA8 /* Build configuration list for PBXNativeTarget "InTargetUITests" */;
			buildPhases = (
				F035E614547DA1C16B224CC8 /* [CP] Check Pods Manifest.lock */,
				F49E600A2673FF87007DEEA8 /* Sources */,
				F49E600B2673FF87007DEEA8 /* Frameworks */,
				F49E600C2673FF87007DEEA8 /* Resources */,
				44B3FDFE2CE28AE68899C986 /* [CP] Embed Pods Frameworks */,
			);
			buildRules = (
			);
			dependencies = (
				F49E60102673FF87007DEEA8 /* PBXTargetDependency */,
			);
			name = InTargetUITests;
			productName = NoAlvoUITests;
			productReference = F49E600E2673FF87007DEEA8 /* InTargetUITests.xctest */;
			productType = "com.apple.product-type.bundle.ui-testing";
		};
/* End PBXNativeTarget section */

/* Begin PBXProject section */
		F49E5FE52673FF86007DEEA8 /* Project object */ = {
			isa = PBXProject;
			attributes = {
				LastSwiftUpdateCheck = 1240;
				LastUpgradeCheck = 1240;
				TargetAttributes = {
					F49E5FEC2673FF86007DEEA8 = {
						CreatedOnToolsVersion = 12.4;
					};
					F49E60022673FF87007DEEA8 = {
						CreatedOnToolsVersion = 12.4;
						TestTargetID = F49E5FEC2673FF86007DEEA8;
					};
					F49E600D2673FF87007DEEA8 = {
						CreatedOnToolsVersion = 12.4;
						TestTargetID = F49E5FEC2673FF86007DEEA8;
					};
				};
			};
			buildConfigurationList = F49E5FE82673FF86007DEEA8 /* Build configuration list for PBXProject "InTarget" */;
			compatibilityVersion = "Xcode 9.3";
			developmentRegion = en;
			hasScannedForEncodings = 0;
			knownRegions = (
				en,
				Base,
				"pt-BR",
			);
			mainGroup = F49E5FE42673FF86007DEEA8;
			packageReferences = (
				F49E570426B1C3C300577A82 /* XCRemoteSwiftPackageReference "firebase-ios-sdk" */,
			);
			productRefGroup = F49E5FEE2673FF86007DEEA8 /* Products */;
			projectDirPath = "";
			projectRoot = "";
			targets = (
				F49E5FEC2673FF86007DEEA8 /* InTarget */,
				F49E60022673FF87007DEEA8 /* InTargetTests */,
				F49E600D2673FF87007DEEA8 /* InTargetUITests */,
			);
		};
/* End PBXProject section */

/* Begin PBXResourcesBuildPhase section */
		F49E5FEB2673FF86007DEEA8 /* Resources */ = {
			isa = PBXResourcesBuildPhase;
			buildActionMask = 2147483647;
			files = (
				F48B924E26B2DF630012A009 /* .gitignore in Resources */,
				F477B716269E31080003FF61 /* README.md in Resources */,
				F49E5FFA2673FF87007DEEA8 /* Assets.xcassets in Resources */,
				F44DEAFE26810CAA00BC4C1E /* InfoPlist.strings in Resources */,
				F49E571B26B2D58900577A82 /* Launch Screen.storyboard in Resources */,
				F409A3092683B512009159DE /* GoogleService-Info.plist in Resources */,
				F44DEAEF2680DD0E00BC4C1E /* Localizable.strings in Resources */,
				F48B925026B2E01B0012A009 /* .gitattributes in Resources */,
				F44DEADD2680D8AB00BC4C1E /* Main.storyboard in Resources */,
				F49E571326B1E3FD00577A82 /* target.json in Resources */,
				F4D05D9C26B9679500240198 /* Login.storyboard in Resources */,
			);
			runOnlyForDeploymentPostprocessing = 0;
		};
		F49E60012673FF87007DEEA8 /* Resources */ = {
			isa = PBXResourcesBuildPhase;
			buildActionMask = 2147483647;
			files = (
			);
			runOnlyForDeploymentPostprocessing = 0;
		};
		F49E600C2673FF87007DEEA8 /* Resources */ = {
			isa = PBXResourcesBuildPhase;
			buildActionMask = 2147483647;
			files = (
				F47D617F268E60B000267396 /* Localizable.strings in Resources */,
				F47D6180268E60C800267396 /* Main.storyboard in Resources */,
			);
			runOnlyForDeploymentPostprocessing = 0;
		};
/* End PBXResourcesBuildPhase section */

/* Begin PBXShellScriptBuildPhase section */
		30F3D3933B3905AE5B9457AE /* [CP] Embed Pods Frameworks */ = {
			isa = PBXShellScriptBuildPhase;
			buildActionMask = 2147483647;
			files = (
			);
			inputFileListPaths = (
				"${PODS_ROOT}/Target Support Files/Pods-InTarget/Pods-InTarget-frameworks-${CONFIGURATION}-input-files.xcfilelist",
			);
			name = "[CP] Embed Pods Frameworks";
			outputFileListPaths = (
				"${PODS_ROOT}/Target Support Files/Pods-InTarget/Pods-InTarget-frameworks-${CONFIGURATION}-output-files.xcfilelist",
			);
			runOnlyForDeploymentPostprocessing = 0;
			shellPath = /bin/sh;
			shellScript = "\"${PODS_ROOT}/Target Support Files/Pods-InTarget/Pods-InTarget-frameworks.sh\"\n";
			showEnvVarsInLog = 0;
		};
		44B3FDFE2CE28AE68899C986 /* [CP] Embed Pods Frameworks */ = {
			isa = PBXShellScriptBuildPhase;
			buildActionMask = 2147483647;
			files = (
			);
			inputFileListPaths = (
				"${PODS_ROOT}/Target Support Files/Pods-InTarget-InTargetUITests/Pods-InTarget-InTargetUITests-frameworks-${CONFIGURATION}-input-files.xcfilelist",
			);
			name = "[CP] Embed Pods Frameworks";
			outputFileListPaths = (
				"${PODS_ROOT}/Target Support Files/Pods-InTarget-InTargetUITests/Pods-InTarget-InTargetUITests-frameworks-${CONFIGURATION}-output-files.xcfilelist",
			);
			runOnlyForDeploymentPostprocessing = 0;
			shellPath = /bin/sh;
			shellScript = "\"${PODS_ROOT}/Target Support Files/Pods-InTarget-InTargetUITests/Pods-InTarget-InTargetUITests-frameworks.sh\"\n";
			showEnvVarsInLog = 0;
		};
		49DEF20B8963C749566289CF /* [CP] Check Pods Manifest.lock */ = {
			isa = PBXShellScriptBuildPhase;
			buildActionMask = 2147483647;
			files = (
			);
			inputFileListPaths = (
			);
			inputPaths = (
				"${PODS_PODFILE_DIR_PATH}/Podfile.lock",
				"${PODS_ROOT}/Manifest.lock",
			);
			name = "[CP] Check Pods Manifest.lock";
			outputFileListPaths = (
			);
			outputPaths = (
				"$(DERIVED_FILE_DIR)/Pods-InTargetTests-checkManifestLockResult.txt",
			);
			runOnlyForDeploymentPostprocessing = 0;
			shellPath = /bin/sh;
			shellScript = "diff \"${PODS_PODFILE_DIR_PATH}/Podfile.lock\" \"${PODS_ROOT}/Manifest.lock\" > /dev/null\nif [ $? != 0 ] ; then\n    # print error to STDERR\n    echo \"error: The sandbox is not in sync with the Podfile.lock. Run 'pod install' or update your CocoaPods installation.\" >&2\n    exit 1\nfi\n# This output is used by Xcode 'outputs' to avoid re-running this script phase.\necho \"SUCCESS\" > \"${SCRIPT_OUTPUT_FILE_0}\"\n";
			showEnvVarsInLog = 0;
		};
		9445E0FA9A73CFA8A8DF5767 /* [CP] Check Pods Manifest.lock */ = {
			isa = PBXShellScriptBuildPhase;
			buildActionMask = 2147483647;
			files = (
			);
			inputFileListPaths = (
			);
			inputPaths = (
				"${PODS_PODFILE_DIR_PATH}/Podfile.lock",
				"${PODS_ROOT}/Manifest.lock",
			);
			name = "[CP] Check Pods Manifest.lock";
			outputFileListPaths = (
			);
			outputPaths = (
				"$(DERIVED_FILE_DIR)/Pods-InTarget-checkManifestLockResult.txt",
			);
			runOnlyForDeploymentPostprocessing = 0;
			shellPath = /bin/sh;
			shellScript = "diff \"${PODS_PODFILE_DIR_PATH}/Podfile.lock\" \"${PODS_ROOT}/Manifest.lock\" > /dev/null\nif [ $? != 0 ] ; then\n    # print error to STDERR\n    echo \"error: The sandbox is not in sync with the Podfile.lock. Run 'pod install' or update your CocoaPods installation.\" >&2\n    exit 1\nfi\n# This output is used by Xcode 'outputs' to avoid re-running this script phase.\necho \"SUCCESS\" > \"${SCRIPT_OUTPUT_FILE_0}\"\n";
			showEnvVarsInLog = 0;
		};
		F035E614547DA1C16B224CC8 /* [CP] Check Pods Manifest.lock */ = {
			isa = PBXShellScriptBuildPhase;
			buildActionMask = 2147483647;
			files = (
			);
			inputFileListPaths = (
			);
			inputPaths = (
				"${PODS_PODFILE_DIR_PATH}/Podfile.lock",
				"${PODS_ROOT}/Manifest.lock",
			);
			name = "[CP] Check Pods Manifest.lock";
			outputFileListPaths = (
			);
			outputPaths = (
				"$(DERIVED_FILE_DIR)/Pods-InTarget-InTargetUITests-checkManifestLockResult.txt",
			);
			runOnlyForDeploymentPostprocessing = 0;
			shellPath = /bin/sh;
			shellScript = "diff \"${PODS_PODFILE_DIR_PATH}/Podfile.lock\" \"${PODS_ROOT}/Manifest.lock\" > /dev/null\nif [ $? != 0 ] ; then\n    # print error to STDERR\n    echo \"error: The sandbox is not in sync with the Podfile.lock. Run 'pod install' or update your CocoaPods installation.\" >&2\n    exit 1\nfi\n# This output is used by Xcode 'outputs' to avoid re-running this script phase.\necho \"SUCCESS\" > \"${SCRIPT_OUTPUT_FILE_0}\"\n";
			showEnvVarsInLog = 0;
		};
/* End PBXShellScriptBuildPhase section */

/* Begin PBXSourcesBuildPhase section */
		F49E5FE92673FF86007DEEA8 /* Sources */ = {
			isa = PBXSourcesBuildPhase;
			buildActionMask = 2147483647;
			files = (
				F40AD0EA2684D37100453AF0 /* RankViewController.swift in Sources */,
				F40AD0F42686115C00453AF0 /* RankTableViewCell.swift in Sources */,
				F49E5FF52673FF86007DEEA8 /* MainViewController.swift in Sources */,
				F43833D326BC08EC00C8CC43 /* Storyboardable.swift in Sources */,
				F49E5FF12673FF86007DEEA8 /* AppDelegate.swift in Sources */,
				F40AD0EE2684E48E00453AF0 /* RankModel.swift in Sources */,
				F432F9532698DA1B00B318E6 /* AlertHelper.swift in Sources */,
				F44DEADA267FA3B300BC4C1E /* AboutViewController.swift in Sources */,
				F40AD0F2268526F600453AF0 /* RankListModel.swift in Sources */,
				F43833D026BC049A00C8CC43 /* LoginViewModel.swift in Sources */,
				F4EE4663268F4E3200C7A69D /* InTarget.xcdatamodeld in Sources */,
				F49E5FF32673FF86007DEEA8 /* SceneDelegate.swift in Sources */,
				F49E570026B1B1F000577A82 /* ChatViewController.swift in Sources */,
				F4D05DA326B96B3F00240198 /* AppController.swift in Sources */,
				F4610EF0269635370013B2C3 /* Box.swift in Sources */,
				F49E570326B1C03900577A82 /* Message.swift in Sources */,
				F4BE72052697AF5300B740C9 /* RankViewModel.swift in Sources */,
				F4610EF3269636680013B2C3 /* MainViewModel.swift in Sources */,
				F49E571726B1E67200577A82 /* LoginViewController.swift in Sources */,
			);
			runOnlyForDeploymentPostprocessing = 0;
		};
		F49E5FFF2673FF87007DEEA8 /* Sources */ = {
			isa = PBXSourcesBuildPhase;
			buildActionMask = 2147483647;
			files = (
				F49E60082673FF87007DEEA8 /* InTargetTests.swift in Sources */,
			);
			runOnlyForDeploymentPostprocessing = 0;
		};
		F49E600A2673FF87007DEEA8 /* Sources */ = {
			isa = PBXSourcesBuildPhase;
			buildActionMask = 2147483647;
			files = (
				F49E60132673FF87007DEEA8 /* InTargetUITests.swift in Sources */,
			);
			runOnlyForDeploymentPostprocessing = 0;
		};
/* End PBXSourcesBuildPhase section */

/* Begin PBXTargetDependency section */
		F49E60052673FF87007DEEA8 /* PBXTargetDependency */ = {
			isa = PBXTargetDependency;
			target = F49E5FEC2673FF86007DEEA8 /* InTarget */;
			targetProxy = F49E60042673FF87007DEEA8 /* PBXContainerItemProxy */;
		};
		F49E60102673FF87007DEEA8 /* PBXTargetDependency */ = {
			isa = PBXTargetDependency;
			target = F49E5FEC2673FF86007DEEA8 /* InTarget */;
			targetProxy = F49E600F2673FF87007DEEA8 /* PBXContainerItemProxy */;
		};
/* End PBXTargetDependency section */

/* Begin PBXVariantGroup section */
		F44DEADF2680D8AB00BC4C1E /* Main.storyboard */ = {
			isa = PBXVariantGroup;
			children = (
				F44DEADE2680D8AB00BC4C1E /* Base */,
				F44DEAF72680E59D00BC4C1E /* en */,
				F44DEAFB2681010000BC4C1E /* pt-BR */,
			);
			name = Main.storyboard;
			sourceTree = "<group>";
		};
		F44DEAF12680DD0E00BC4C1E /* Localizable.strings */ = {
			isa = PBXVariantGroup;
			children = (
				F44DEAF02680DD0E00BC4C1E /* en */,
				F44DEAF32680DD2100BC4C1E /* pt-BR */,
			);
			name = Localizable.strings;
			sourceTree = "<group>";
		};
		F44DEB0026810CAA00BC4C1E /* InfoPlist.strings */ = {
			isa = PBXVariantGroup;
			children = (
				F44DEAFF26810CAA00BC4C1E /* en */,
				F44DEB0126810CAC00BC4C1E /* pt-BR */,
			);
			name = InfoPlist.strings;
			sourceTree = "<group>";
		};
		F4D05D9E26B9679500240198 /* Login.storyboard */ = {
			isa = PBXVariantGroup;
			children = (
				F4D05D9D26B9679500240198 /* Base */,
				F4D05D9F26B9679C00240198 /* en */,
				F4D05DA126B967A200240198 /* pt-BR */,
			);
			name = Login.storyboard;
			sourceTree = "<group>";
		};
/* End PBXVariantGroup section */

/* Begin XCBuildConfiguration section */
		F49E60152673FF87007DEEA8 /* Debug */ = {
			isa = XCBuildConfiguration;
			buildSettings = {
				ALWAYS_SEARCH_USER_PATHS = NO;
				APPLICATION_EXTENSION_API_ONLY = NO;
				CLANG_ANALYZER_LOCALIZABILITY_NONLOCALIZED = YES;
				CLANG_ANALYZER_NONNULL = YES;
				CLANG_ANALYZER_NUMBER_OBJECT_CONVERSION = YES_AGGRESSIVE;
				CLANG_CXX_LANGUAGE_STANDARD = "gnu++14";
				CLANG_CXX_LIBRARY = "libc++";
				CLANG_ENABLE_MODULES = YES;
				CLANG_ENABLE_OBJC_ARC = YES;
				CLANG_ENABLE_OBJC_WEAK = YES;
				CLANG_WARN_BLOCK_CAPTURE_AUTORELEASING = YES;
				CLANG_WARN_BOOL_CONVERSION = YES;
				CLANG_WARN_COMMA = YES;
				CLANG_WARN_CONSTANT_CONVERSION = YES;
				CLANG_WARN_DEPRECATED_OBJC_IMPLEMENTATIONS = YES;
				CLANG_WARN_DIRECT_OBJC_ISA_USAGE = YES_ERROR;
				CLANG_WARN_DOCUMENTATION_COMMENTS = YES;
				CLANG_WARN_EMPTY_BODY = YES;
				CLANG_WARN_ENUM_CONVERSION = YES;
				CLANG_WARN_INFINITE_RECURSION = YES;
				CLANG_WARN_INT_CONVERSION = YES;
				CLANG_WARN_NON_LITERAL_NULL_CONVERSION = YES;
				CLANG_WARN_OBJC_IMPLICIT_RETAIN_SELF = YES;
				CLANG_WARN_OBJC_LITERAL_CONVERSION = YES;
				CLANG_WARN_OBJC_ROOT_CLASS = YES_ERROR;
				CLANG_WARN_QUOTED_INCLUDE_IN_FRAMEWORK_HEADER = YES;
				CLANG_WARN_RANGE_LOOP_ANALYSIS = YES;
				CLANG_WARN_STRICT_PROTOTYPES = YES;
				CLANG_WARN_SUSPICIOUS_MOVE = YES;
				CLANG_WARN_UNGUARDED_AVAILABILITY = YES_AGGRESSIVE;
				CLANG_WARN_UNREACHABLE_CODE = YES;
				CLANG_WARN__DUPLICATE_METHOD_MATCH = YES;
				COPY_PHASE_STRIP = NO;
				DEBUG_INFORMATION_FORMAT = dwarf;
				ENABLE_STRICT_OBJC_MSGSEND = YES;
				ENABLE_TESTABILITY = YES;
				GCC_C_LANGUAGE_STANDARD = gnu11;
				GCC_DYNAMIC_NO_PIC = NO;
				GCC_NO_COMMON_BLOCKS = YES;
				GCC_OPTIMIZATION_LEVEL = 0;
				GCC_PREPROCESSOR_DEFINITIONS = (
					"DEBUG=1",
					"$(inherited)",
				);
				GCC_WARN_64_TO_32_BIT_CONVERSION = YES;
				GCC_WARN_ABOUT_RETURN_TYPE = YES_ERROR;
				GCC_WARN_UNDECLARED_SELECTOR = YES;
				GCC_WARN_UNINITIALIZED_AUTOS = YES_AGGRESSIVE;
				GCC_WARN_UNUSED_FUNCTION = YES;
				GCC_WARN_UNUSED_VARIABLE = YES;
				IPHONEOS_DEPLOYMENT_TARGET = 14.0;
				MTL_ENABLE_DEBUG_INFO = INCLUDE_SOURCE;
				MTL_FAST_MATH = YES;
				ONLY_ACTIVE_ARCH = YES;
				SDKROOT = iphoneos;
				SWIFT_ACTIVE_COMPILATION_CONDITIONS = DEBUG;
				SWIFT_OPTIMIZATION_LEVEL = "-Onone";
			};
			name = Debug;
		};
		F49E60162673FF87007DEEA8 /* Release */ = {
			isa = XCBuildConfiguration;
			buildSettings = {
				ALWAYS_SEARCH_USER_PATHS = NO;
				APPLICATION_EXTENSION_API_ONLY = NO;
				CLANG_ANALYZER_LOCALIZABILITY_NONLOCALIZED = YES;
				CLANG_ANALYZER_NONNULL = YES;
				CLANG_ANALYZER_NUMBER_OBJECT_CONVERSION = YES_AGGRESSIVE;
				CLANG_CXX_LANGUAGE_STANDARD = "gnu++14";
				CLANG_CXX_LIBRARY = "libc++";
				CLANG_ENABLE_MODULES = YES;
				CLANG_ENABLE_OBJC_ARC = YES;
				CLANG_ENABLE_OBJC_WEAK = YES;
				CLANG_WARN_BLOCK_CAPTURE_AUTORELEASING = YES;
				CLANG_WARN_BOOL_CONVERSION = YES;
				CLANG_WARN_COMMA = YES;
				CLANG_WARN_CONSTANT_CONVERSION = YES;
				CLANG_WARN_DEPRECATED_OBJC_IMPLEMENTATIONS = YES;
				CLANG_WARN_DIRECT_OBJC_ISA_USAGE = YES_ERROR;
				CLANG_WARN_DOCUMENTATION_COMMENTS = YES;
				CLANG_WARN_EMPTY_BODY = YES;
				CLANG_WARN_ENUM_CONVERSION = YES;
				CLANG_WARN_INFINITE_RECURSION = YES;
				CLANG_WARN_INT_CONVERSION = YES;
				CLANG_WARN_NON_LITERAL_NULL_CONVERSION = YES;
				CLANG_WARN_OBJC_IMPLICIT_RETAIN_SELF = YES;
				CLANG_WARN_OBJC_LITERAL_CONVERSION = YES;
				CLANG_WARN_OBJC_ROOT_CLASS = YES_ERROR;
				CLANG_WARN_QUOTED_INCLUDE_IN_FRAMEWORK_HEADER = YES;
				CLANG_WARN_RANGE_LOOP_ANALYSIS = YES;
				CLANG_WARN_STRICT_PROTOTYPES = YES;
				CLANG_WARN_SUSPICIOUS_MOVE = YES;
				CLANG_WARN_UNGUARDED_AVAILABILITY = YES_AGGRESSIVE;
				CLANG_WARN_UNREACHABLE_CODE = YES;
				CLANG_WARN__DUPLICATE_METHOD_MATCH = YES;
				COPY_PHASE_STRIP = NO;
				DEBUG_INFORMATION_FORMAT = "dwarf-with-dsym";
				ENABLE_NS_ASSERTIONS = NO;
				ENABLE_STRICT_OBJC_MSGSEND = YES;
				GCC_C_LANGUAGE_STANDARD = gnu11;
				GCC_NO_COMMON_BLOCKS = YES;
				GCC_WARN_64_TO_32_BIT_CONVERSION = YES;
				GCC_WARN_ABOUT_RETURN_TYPE = YES_ERROR;
				GCC_WARN_UNDECLARED_SELECTOR = YES;
				GCC_WARN_UNINITIALIZED_AUTOS = YES_AGGRESSIVE;
				GCC_WARN_UNUSED_FUNCTION = YES;
				GCC_WARN_UNUSED_VARIABLE = YES;
				IPHONEOS_DEPLOYMENT_TARGET = 14.0;
				MTL_ENABLE_DEBUG_INFO = NO;
				MTL_FAST_MATH = YES;
				SDKROOT = iphoneos;
				SWIFT_COMPILATION_MODE = wholemodule;
				SWIFT_OPTIMIZATION_LEVEL = "-O";
				VALIDATE_PRODUCT = YES;
			};
			name = Release;
		};
		F49E60182673FF87007DEEA8 /* Debug */ = {
			isa = XCBuildConfiguration;
			baseConfigurationReference = 1E9D50F7AFA1F545834AA5B2 /* Pods-InTarget.debug.xcconfig */;
			buildSettings = {
				ASSETCATALOG_COMPILER_APPICON_NAME = AppIcon;
				ASSETCATALOG_COMPILER_GLOBAL_ACCENT_COLOR_NAME = AccentColor;
				CODE_SIGN_STYLE = Automatic;
				DEBUG_INFORMATION_FORMAT = dwarf;
				DEVELOPMENT_TEAM = 8UW672R5KC;
				INFOPLIST_FILE = InTarget/Info.plist;
				LD_RUNPATH_SEARCH_PATHS = (
					"$(inherited)",
					"@executable_path/Frameworks",
				);
				PRODUCT_BUNDLE_IDENTIFIER = br.com.bruno.InTarget;
				PRODUCT_NAME = "$(TARGET_NAME)";
				SWIFT_VERSION = 5.0;
				TARGETED_DEVICE_FAMILY = 1;
			};
			name = Debug;
		};
		F49E60192673FF87007DEEA8 /* Release */ = {
			isa = XCBuildConfiguration;
			baseConfigurationReference = 1DB8E36C5B9293240A883C5F /* Pods-InTarget.release.xcconfig */;
			buildSettings = {
				ASSETCATALOG_COMPILER_APPICON_NAME = AppIcon;
				ASSETCATALOG_COMPILER_GLOBAL_ACCENT_COLOR_NAME = AccentColor;
				CODE_SIGN_STYLE = Automatic;
				DEBUG_INFORMATION_FORMAT = "dwarf-with-dsym";
				DEVELOPMENT_TEAM = 8UW672R5KC;
				INFOPLIST_FILE = InTarget/Info.plist;
				LD_RUNPATH_SEARCH_PATHS = (
					"$(inherited)",
					"@executable_path/Frameworks",
				);
				PRODUCT_BUNDLE_IDENTIFIER = br.com.bruno.InTarget;
				PRODUCT_NAME = "$(TARGET_NAME)";
				SWIFT_VERSION = 5.0;
				TARGETED_DEVICE_FAMILY = 1;
			};
			name = Release;
		};
		F49E601B2673FF87007DEEA8 /* Debug */ = {
			isa = XCBuildConfiguration;
			baseConfigurationReference = 7D4608B00B4099AAB305D197 /* Pods-InTargetTests.debug.xcconfig */;
			buildSettings = {
				ALWAYS_EMBED_SWIFT_STANDARD_LIBRARIES = YES;
				BUNDLE_LOADER = "$(TEST_HOST)";
				CODE_SIGN_STYLE = Automatic;
				DEVELOPMENT_TEAM = 8UW672R5KC;
				INFOPLIST_FILE = InTargetTests/Info.plist;
				IPHONEOS_DEPLOYMENT_TARGET = 14.4;
				LD_RUNPATH_SEARCH_PATHS = (
					"$(inherited)",
					"@executable_path/Frameworks",
					"@loader_path/Frameworks",
				);
				PRODUCT_BUNDLE_IDENTIFIER = br.com.bruno.InTargetTests;
				PRODUCT_NAME = "$(TARGET_NAME)";
				SWIFT_VERSION = 5.0;
				TARGETED_DEVICE_FAMILY = "1,2";
				TEST_HOST = "$(BUILT_PRODUCTS_DIR)/InTarget.app/InTarget";
			};
			name = Debug;
		};
		F49E601C2673FF87007DEEA8 /* Release */ = {
			isa = XCBuildConfiguration;
			baseConfigurationReference = 04454D99E01290F4109BE1B2 /* Pods-InTargetTests.release.xcconfig */;
			buildSettings = {
				ALWAYS_EMBED_SWIFT_STANDARD_LIBRARIES = YES;
				BUNDLE_LOADER = "$(TEST_HOST)";
				CODE_SIGN_STYLE = Automatic;
				DEVELOPMENT_TEAM = 8UW672R5KC;
				INFOPLIST_FILE = InTargetTests/Info.plist;
				IPHONEOS_DEPLOYMENT_TARGET = 14.4;
				LD_RUNPATH_SEARCH_PATHS = (
					"$(inherited)",
					"@executable_path/Frameworks",
					"@loader_path/Frameworks",
				);
				PRODUCT_BUNDLE_IDENTIFIER = br.com.bruno.InTargetTests;
				PRODUCT_NAME = "$(TARGET_NAME)";
				SWIFT_VERSION = 5.0;
				TARGETED_DEVICE_FAMILY = "1,2";
				TEST_HOST = "$(BUILT_PRODUCTS_DIR)/InTarget.app/InTarget";
			};
			name = Release;
		};
		F49E601E2673FF87007DEEA8 /* Debug */ = {
			isa = XCBuildConfiguration;
			baseConfigurationReference = 33C178F974E544FE71CE3846 /* Pods-InTarget-InTargetUITests.debug.xcconfig */;
			buildSettings = {
				ALWAYS_EMBED_SWIFT_STANDARD_LIBRARIES = YES;
				CODE_SIGN_STYLE = Automatic;
				DEVELOPMENT_TEAM = 8UW672R5KC;
				INFOPLIST_FILE = InTargetUITests/Info.plist;
				LD_RUNPATH_SEARCH_PATHS = (
					"$(inherited)",
					"@executable_path/Frameworks",
					"@loader_path/Frameworks",
				);
				PRODUCT_BUNDLE_IDENTIFIER = br.com.bruno.InTargetUITests;
				PRODUCT_NAME = "$(TARGET_NAME)";
				SWIFT_VERSION = 5.0;
				TARGETED_DEVICE_FAMILY = "1,2";
				TEST_TARGET_NAME = InTarget;
			};
			name = Debug;
		};
		F49E601F2673FF87007DEEA8 /* Release */ = {
			isa = XCBuildConfiguration;
			baseConfigurationReference = 63FDEEBD34BDDECEC50AF6D0 /* Pods-InTarget-InTargetUITests.release.xcconfig */;
			buildSettings = {
				ALWAYS_EMBED_SWIFT_STANDARD_LIBRARIES = YES;
				CODE_SIGN_STYLE = Automatic;
				DEVELOPMENT_TEAM = 8UW672R5KC;
				INFOPLIST_FILE = InTargetUITests/Info.plist;
				LD_RUNPATH_SEARCH_PATHS = (
					"$(inherited)",
					"@executable_path/Frameworks",
					"@loader_path/Frameworks",
				);
				PRODUCT_BUNDLE_IDENTIFIER = br.com.bruno.InTargetUITests;
				PRODUCT_NAME = "$(TARGET_NAME)";
				SWIFT_VERSION = 5.0;
				TARGETED_DEVICE_FAMILY = "1,2";
				TEST_TARGET_NAME = InTarget;
			};
			name = Release;
		};
/* End XCBuildConfiguration section */

/* Begin XCConfigurationList section */
		F49E5FE82673FF86007DEEA8 /* Build configuration list for PBXProject "InTarget" */ = {
			isa = XCConfigurationList;
			buildConfigurations = (
				F49E60152673FF87007DEEA8 /* Debug */,
				F49E60162673FF87007DEEA8 /* Release */,
			);
			defaultConfigurationIsVisible = 0;
			defaultConfigurationName = Release;
		};
		F49E60172673FF87007DEEA8 /* Build configuration list for PBXNativeTarget "InTarget" */ = {
			isa = XCConfigurationList;
			buildConfigurations = (
				F49E60182673FF87007DEEA8 /* Debug */,
				F49E60192673FF87007DEEA8 /* Release */,
			);
			defaultConfigurationIsVisible = 0;
			defaultConfigurationName = Release;
		};
		F49E601A2673FF87007DEEA8 /* Build configuration list for PBXNativeTarget "InTargetTests" */ = {
			isa = XCConfigurationList;
			buildConfigurations = (
				F49E601B2673FF87007DEEA8 /* Debug */,
				F49E601C2673FF87007DEEA8 /* Release */,
			);
			defaultConfigurationIsVisible = 0;
			defaultConfigurationName = Release;
		};
		F49E601D2673FF87007DEEA8 /* Build configuration list for PBXNativeTarget "InTargetUITests" */ = {
			isa = XCConfigurationList;
			buildConfigurations = (
				F49E601E2673FF87007DEEA8 /* Debug */,
				F49E601F2673FF87007DEEA8 /* Release */,
			);
			defaultConfigurationIsVisible = 0;
			defaultConfigurationName = Release;
		};
/* End XCConfigurationList section */

/* Begin XCRemoteSwiftPackageReference section */
		F49E570426B1C3C300577A82 /* XCRemoteSwiftPackageReference "firebase-ios-sdk" */ = {
			isa = XCRemoteSwiftPackageReference;
			repositoryURL = "https://github.com/firebase/firebase-ios-sdk.git";
			requirement = {
				kind = upToNextMajorVersion;
				minimumVersion = 7.0.0;
			};
		};
/* End XCRemoteSwiftPackageReference section */

/* Begin XCSwiftPackageProductDependency section */
		F49E570526B1C3C300577A82 /* FirebaseAuth */ = {
			isa = XCSwiftPackageProductDependency;
			package = F49E570426B1C3C300577A82 /* XCRemoteSwiftPackageReference "firebase-ios-sdk" */;
			productName = FirebaseAuth;
		};
		F49E570726B1C3C300577A82 /* FirebaseCrashlytics */ = {
			isa = XCSwiftPackageProductDependency;
			package = F49E570426B1C3C300577A82 /* XCRemoteSwiftPackageReference "firebase-ios-sdk" */;
			productName = FirebaseCrashlytics;
		};
		F49E570926B1C3C300577A82 /* FirebaseDatabase */ = {
			isa = XCSwiftPackageProductDependency;
			package = F49E570426B1C3C300577A82 /* XCRemoteSwiftPackageReference "firebase-ios-sdk" */;
			productName = FirebaseDatabase;
		};
		F49E570B26B1C3C300577A82 /* FirebaseFirestore */ = {
			isa = XCSwiftPackageProductDependency;
			package = F49E570426B1C3C300577A82 /* XCRemoteSwiftPackageReference "firebase-ios-sdk" */;
			productName = FirebaseFirestore;
		};
		F49E570D26B1C3C300577A82 /* FirebaseRemoteConfig */ = {
			isa = XCSwiftPackageProductDependency;
			package = F49E570426B1C3C300577A82 /* XCRemoteSwiftPackageReference "firebase-ios-sdk" */;
			productName = FirebaseRemoteConfig;
		};
		F49E570F26B1C3C300577A82 /* FirebaseStorage */ = {
			isa = XCSwiftPackageProductDependency;
			package = F49E570426B1C3C300577A82 /* XCRemoteSwiftPackageReference "firebase-ios-sdk" */;
			productName = FirebaseStorage;
		};
/* End XCSwiftPackageProductDependency section */

/* Begin XCVersionGroup section */
		F4EE4661268F4E3200C7A69D /* InTarget.xcdatamodeld */ = {
			isa = XCVersionGroup;
			children = (
				F4EE4662268F4E3200C7A69D /* InTarget.xcdatamodel */,
			);
			currentVersion = F4EE4662268F4E3200C7A69D /* InTarget.xcdatamodel */;
			path = InTarget.xcdatamodeld;
			sourceTree = "<group>";
			versionGroupType = wrapper.xcdatamodel;
		};
/* End XCVersionGroup section */
	};
	rootObject = F49E5FE52673FF86007DEEA8 /* Project object */;
}
